
Microsoft Visual Studio Solution File, Format Version 12.00
# Visual Studio Version 17
VisualStudioVersion = 17.9.34723.18
MinimumVisualStudioVersion = 10.0.40219.1
Project("{FAE04EC0-301F-11D3-BF4B-00C04F79EFBC}") = "Lab_No5_Client", "Lab_No5_Client\Lab_No5_Client.csproj", "{0E8BE81B-E7D6-415B-983D-508C32196A22}"
EndProject
Project("{FAE04EC0-301F-11D3-BF4B-00C04F79EFBC}") = "Lab_No5_Server", "Lab_No5_Server\Lab_No5_Server.csproj", "{0F0027A5-CC2B-4A32-BA4A-7AE01914515E}"
EndProject
Global
	GlobalSection(SolutionConfigurationPlatforms) = preSolution
		Debug|Any CPU = Debug|Any CPU
		Release|Any CPU = Release|Any CPU
	EndGlobalSection
	GlobalSection(ProjectConfigurationPlatforms) = postSolution
		{0E8BE81B-E7D6-415B-983D-508C32196A22}.Debug|Any CPU.ActiveCfg = Debug|Any CPU
		{0E8BE81B-E7D6-415B-983D-508C32196A22}.Debug|Any CPU.Build.0 = Debug|Any CPU
		{0E8BE81B-E7D6-415B-983D-508C32196A22}.Release|Any CPU.ActiveCfg = Release|Any CPU
		{0E8BE81B-E7D6-415B-983D-508C32196A22}.Release|Any CPU.Build.0 = Release|Any CPU
		{0F0027A5-CC2B-4A32-BA4A-7AE01914515E}.Debug|Any CPU.ActiveCfg = Debug|Any CPU
		{0F0027A5-CC2B-4A32-BA4A-7AE01914515E}.Debug|Any CPU.Build.0 = Debug|Any CPU
		{0F0027A5-CC2B-4A32-BA4A-7AE01914515E}.Release|Any CPU.ActiveCfg = Release|Any CPU
		{0F0027A5-CC2B-4A32-BA4A-7AE01914515E}.Release|Any CPU.Build.0 = Release|Any CPU
	EndGlobalSection
	GlobalSection(SolutionProperties) = preSolution
		HideSolutionNode = FALSE
	EndGlobalSection
	GlobalSection(ExtensibilityGlobals) = postSolution
		SolutionGuid = {DE4DE37A-122F-4BDF-8FF1-D6A26115231E}
	EndGlobalSection
EndGlobal
