
Microsoft Visual Studio Solution File, Format Version 12.00
# Visual Studio Version 17
VisualStudioVersion = 17.9.34728.123
MinimumVisualStudioVersion = 10.0.40219.1
Project("{FAE04EC0-301F-11D3-BF4B-00C04F79EFBC}") = "Lab_No6", "Lab_No6.csproj", "{ADA4347B-ECB3-48A0-8318-A8CC07B56AEF}"
EndProject
Global
	GlobalSection(SolutionConfigurationPlatforms) = preSolution
		Debug|Any CPU = Debug|Any CPU
		Release|Any CPU = Release|Any CPU
	EndGlobalSection
	GlobalSection(ProjectConfigurationPlatforms) = postSolution
		{ADA4347B-ECB3-48A0-8318-A8CC07B56AEF}.Debug|Any CPU.ActiveCfg = Debug|Any CPU
		{ADA4347B-ECB3-48A0-8318-A8CC07B56AEF}.Debug|Any CPU.Build.0 = Debug|Any CPU
		{ADA4347B-ECB3-48A0-8318-A8CC07B56AEF}.Release|Any CPU.ActiveCfg = Release|Any CPU
		{ADA4347B-ECB3-48A0-8318-A8CC07B56AEF}.Release|Any CPU.Build.0 = Release|Any CPU
	EndGlobalSection
	GlobalSection(SolutionProperties) = preSolution
		HideSolutionNode = FALSE
	EndGlobalSection
	GlobalSection(ExtensibilityGlobals) = postSolution
		SolutionGuid = {6E43067A-1341-4AC2-946F-4C2E4AB366C7}
	EndGlobalSection
EndGlobal
